
Microsoft Visual Studio Solution File, Format Version 12.00
# Visual Studio Version 17
VisualStudioVersion = 17.9.34622.214
MinimumVisualStudioVersion = 10.0.40219.1
Project("{FAE04EC0-301F-11D3-BF4B-00C04F79EFBC}") = "ADO", "ADO\ADO.csproj", "{4A3C323A-3234-4006-BA6B-A7637DBDB824}"
EndProject
Global
	GlobalSection(SolutionConfigurationPlatforms) = preSolution
		Debug|Any CPU = Debug|Any CPU
		Release|Any CPU = Release|Any CPU
	EndGlobalSection
	GlobalSection(ProjectConfigurationPlatforms) = postSolution
		{4A3C323A-3234-4006-BA6B-A7637DBDB824}.Debug|Any CPU.ActiveCfg = Debug|Any CPU
		{4A3C323A-3234-4006-BA6B-A7637DBDB824}.Debug|Any CPU.Build.0 = Debug|Any CPU
		{4A3C323A-3234-4006-BA6B-A7637DBDB824}.Release|Any CPU.ActiveCfg = Release|Any CPU
		{4A3C323A-3234-4006-BA6B-A7637DBDB824}.Release|Any CPU.Build.0 = Release|Any CPU
	EndGlobalSection
	GlobalSection(SolutionProperties) = preSolution
		HideSolutionNode = FALSE
	EndGlobalSection
	GlobalSection(ExtensibilityGlobals) = postSolution
		SolutionGuid = {9F5636BE-81FE-4E28-B040-BBD25E3FBDF4}
	EndGlobalSection
EndGlobal
